
Microsoft Visual Studio Solution File, Format Version 12.00
# Visual Studio Version 17
VisualStudioVersion = 17.4.33205.214
MinimumVisualStudioVersion = 10.0.40219.1
Project("{FAE04EC0-301F-11D3-BF4B-00C04F79EFBC}") = "GameAppWebAPI", "GameAppWebAPI.csproj", "{0EDE82FA-EC55-43F9-A5AC-FD8C45E7AEDF}"
EndProject
Project("{FAE04EC0-301F-11D3-BF4B-00C04F79EFBC}") = "GamesWebAPITest", "..\GamesWebAPITest\GamesWebAPITest.csproj", "{388E8D72-B9D1-4B88-B9A4-3952DE6A9DCB}"
EndProject
Global
	GlobalSection(SolutionConfigurationPlatforms) = preSolution
		Debug|Any CPU = Debug|Any CPU
		Release|Any CPU = Release|Any CPU
	EndGlobalSection
	GlobalSection(ProjectConfigurationPlatforms) = postSolution
		{0EDE82FA-EC55-43F9-A5AC-FD8C45E7AEDF}.Debug|Any CPU.ActiveCfg = Debug|Any CPU
		{0EDE82FA-EC55-43F9-A5AC-FD8C45E7AEDF}.Debug|Any CPU.Build.0 = Debug|Any CPU
		{0EDE82FA-EC55-43F9-A5AC-FD8C45E7AEDF}.Release|Any CPU.ActiveCfg = Release|Any CPU
		{0EDE82FA-EC55-43F9-A5AC-FD8C45E7AEDF}.Release|Any CPU.Build.0 = Release|Any CPU
		{388E8D72-B9D1-4B88-B9A4-3952DE6A9DCB}.Debug|Any CPU.ActiveCfg = Debug|Any CPU
		{388E8D72-B9D1-4B88-B9A4-3952DE6A9DCB}.Debug|Any CPU.Build.0 = Debug|Any CPU
		{388E8D72-B9D1-4B88-B9A4-3952DE6A9DCB}.Release|Any CPU.ActiveCfg = Release|Any CPU
		{388E8D72-B9D1-4B88-B9A4-3952DE6A9DCB}.Release|Any CPU.Build.0 = Release|Any CPU
	EndGlobalSection
	GlobalSection(SolutionProperties) = preSolution
		HideSolutionNode = FALSE
	EndGlobalSection
	GlobalSection(ExtensibilityGlobals) = postSolution
		SolutionGuid = {119742D9-04C5-4B9E-A896-4020B9E18522}
	EndGlobalSection
EndGlobal
